
Microsoft Visual Studio Solution File, Format Version 12.00
# Visual Studio Version 16
VisualStudioVersion = 16.0.29123.89
MinimumVisualStudioVersion = 10.0.40219.1
Project("{9A19103F-16F7-4668-BE54-9A1E7A4F7556}") = "SKGPortalCore", "SKGPortalCore\SKGPortalCore.csproj", "{DF9A0273-A5A8-4491-985F-EB9CC68B7D47}"
EndProject
Project("{9A19103F-16F7-4668-BE54-9A1E7A4F7556}") = "SKGPortalCore.Core", "SKGPortalCore.Core\SKGPortalCore.Core.csproj", "{47B3AAB7-CEFC-41C2-AB99-4556ABB9E8A0}"
EndProject
Project("{9A19103F-16F7-4668-BE54-9A1E7A4F7556}") = "SKGPortalCore.Model", "SKGPortalCore.Model\SKGPortalCore.Model.csproj", "{FABF0248-8E79-4B46-A44B-4D586B610106}"
EndProject
Project("{9A19103F-16F7-4668-BE54-9A1E7A4F7556}") = "SKGPortalCore.SeedDataInitial", "SKGPortalCore.SeedDataInitial\SKGPortalCore.SeedDataInitial.csproj", "{547317D3-72C9-433B-865C-8785D781E64C}"
EndProject
Project("{9A19103F-16F7-4668-BE54-9A1E7A4F7556}") = "SKGPortalCore.Repository", "SKGPortalCore.Repository\SKGPortalCore.Repository.csproj", "{89075A3F-6B0A-40B2-8CC2-33C886AAEDF9}"
EndProject
Project("{9A19103F-16F7-4668-BE54-9A1E7A4F7556}") = "SKGPortalCore.Graph", "SKGPortalCore.Graph\SKGPortalCore.Graph.csproj", "{13D06347-FB96-4D07-9064-EDD8C83B04BD}"
EndProject
Project("{9A19103F-16F7-4668-BE54-9A1E7A4F7556}") = "SKGPortalCore.Schedule", "SKGPortalCore.Schedule\SKGPortalCore.Schedule.csproj", "{DC835A1A-7A3D-4FB5-8BAB-14645EE785DA}"
EndProject
Project("{9A19103F-16F7-4668-BE54-9A1E7A4F7556}") = "SKGPortalCore.NUnit", "SKGPortalCore.NUnit\SKGPortalCore.NUnit.csproj", "{EB7E6459-E4F4-48C4-AF0E-715E28376D44}"
EndProject
Project("{9A19103F-16F7-4668-BE54-9A1E7A4F7556}") = "SKGPortalCore.GraphJsCreator", "SKGPortalCore.GraphJsCreator\SKGPortalCore.GraphJsCreator.csproj", "{24228A05-378E-42B7-91FB-88E2D610F12E}"
EndProject
Project("{FAE04EC0-301F-11D3-BF4B-00C04F79EFBC}") = "SKGPortalCore.Interface", "SKGPortalCore.Interface\SKGPortalCore.Interface.csproj", "{0F9E02A2-4A7F-4D5F-90EE-0BAA1B8160ED}"
EndProject
Global
	GlobalSection(SolutionConfigurationPlatforms) = preSolution
		Debug|Any CPU = Debug|Any CPU
		Release|Any CPU = Release|Any CPU
	EndGlobalSection
	GlobalSection(ProjectConfigurationPlatforms) = postSolution
		{DF9A0273-A5A8-4491-985F-EB9CC68B7D47}.Debug|Any CPU.ActiveCfg = Debug|Any CPU
		{DF9A0273-A5A8-4491-985F-EB9CC68B7D47}.Debug|Any CPU.Build.0 = Debug|Any CPU
		{DF9A0273-A5A8-4491-985F-EB9CC68B7D47}.Release|Any CPU.ActiveCfg = Release|Any CPU
		{DF9A0273-A5A8-4491-985F-EB9CC68B7D47}.Release|Any CPU.Build.0 = Release|Any CPU
		{47B3AAB7-CEFC-41C2-AB99-4556ABB9E8A0}.Debug|Any CPU.ActiveCfg = Debug|Any CPU
		{47B3AAB7-CEFC-41C2-AB99-4556ABB9E8A0}.Debug|Any CPU.Build.0 = Debug|Any CPU
		{47B3AAB7-CEFC-41C2-AB99-4556ABB9E8A0}.Release|Any CPU.ActiveCfg = Release|Any CPU
		{47B3AAB7-CEFC-41C2-AB99-4556ABB9E8A0}.Release|Any CPU.Build.0 = Release|Any CPU
		{FABF0248-8E79-4B46-A44B-4D586B610106}.Debug|Any CPU.ActiveCfg = Debug|Any CPU
		{FABF0248-8E79-4B46-A44B-4D586B610106}.Debug|Any CPU.Build.0 = Debug|Any CPU
		{FABF0248-8E79-4B46-A44B-4D586B610106}.Release|Any CPU.ActiveCfg = Release|Any CPU
		{FABF0248-8E79-4B46-A44B-4D586B610106}.Release|Any CPU.Build.0 = Release|Any CPU
		{547317D3-72C9-433B-865C-8785D781E64C}.Debug|Any CPU.ActiveCfg = Debug|Any CPU
		{547317D3-72C9-433B-865C-8785D781E64C}.Debug|Any CPU.Build.0 = Debug|Any CPU
		{547317D3-72C9-433B-865C-8785D781E64C}.Release|Any CPU.ActiveCfg = Release|Any CPU
		{547317D3-72C9-433B-865C-8785D781E64C}.Release|Any CPU.Build.0 = Release|Any CPU
		{89075A3F-6B0A-40B2-8CC2-33C886AAEDF9}.Debug|Any CPU.ActiveCfg = Debug|Any CPU
		{89075A3F-6B0A-40B2-8CC2-33C886AAEDF9}.Debug|Any CPU.Build.0 = Debug|Any CPU
		{89075A3F-6B0A-40B2-8CC2-33C886AAEDF9}.Release|Any CPU.ActiveCfg = Release|Any CPU
		{89075A3F-6B0A-40B2-8CC2-33C886AAEDF9}.Release|Any CPU.Build.0 = Release|Any CPU
		{13D06347-FB96-4D07-9064-EDD8C83B04BD}.Debug|Any CPU.ActiveCfg = Debug|Any CPU
		{13D06347-FB96-4D07-9064-EDD8C83B04BD}.Debug|Any CPU.Build.0 = Debug|Any CPU
		{13D06347-FB96-4D07-9064-EDD8C83B04BD}.Release|Any CPU.ActiveCfg = Release|Any CPU
		{13D06347-FB96-4D07-9064-EDD8C83B04BD}.Release|Any CPU.Build.0 = Release|Any CPU
		{DC835A1A-7A3D-4FB5-8BAB-14645EE785DA}.Debug|Any CPU.ActiveCfg = Debug|Any CPU
		{DC835A1A-7A3D-4FB5-8BAB-14645EE785DA}.Debug|Any CPU.Build.0 = Debug|Any CPU
		{DC835A1A-7A3D-4FB5-8BAB-14645EE785DA}.Release|Any CPU.ActiveCfg = Release|Any CPU
		{DC835A1A-7A3D-4FB5-8BAB-14645EE785DA}.Release|Any CPU.Build.0 = Release|Any CPU
		{EB7E6459-E4F4-48C4-AF0E-715E28376D44}.Debug|Any CPU.ActiveCfg = Debug|Any CPU
		{EB7E6459-E4F4-48C4-AF0E-715E28376D44}.Debug|Any CPU.Build.0 = Debug|Any CPU
		{EB7E6459-E4F4-48C4-AF0E-715E28376D44}.Release|Any CPU.ActiveCfg = Release|Any CPU
		{EB7E6459-E4F4-48C4-AF0E-715E28376D44}.Release|Any CPU.Build.0 = Release|Any CPU
		{24228A05-378E-42B7-91FB-88E2D610F12E}.Debug|Any CPU.ActiveCfg = Debug|Any CPU
		{24228A05-378E-42B7-91FB-88E2D610F12E}.Debug|Any CPU.Build.0 = Debug|Any CPU
		{24228A05-378E-42B7-91FB-88E2D610F12E}.Release|Any CPU.ActiveCfg = Release|Any CPU
		{24228A05-378E-42B7-91FB-88E2D610F12E}.Release|Any CPU.Build.0 = Release|Any CPU
		{0F9E02A2-4A7F-4D5F-90EE-0BAA1B8160ED}.Debug|Any CPU.ActiveCfg = Debug|Any CPU
		{0F9E02A2-4A7F-4D5F-90EE-0BAA1B8160ED}.Debug|Any CPU.Build.0 = Debug|Any CPU
		{0F9E02A2-4A7F-4D5F-90EE-0BAA1B8160ED}.Release|Any CPU.ActiveCfg = Release|Any CPU
		{0F9E02A2-4A7F-4D5F-90EE-0BAA1B8160ED}.Release|Any CPU.Build.0 = Release|Any CPU
	EndGlobalSection
	GlobalSection(SolutionProperties) = preSolution
		HideSolutionNode = FALSE
	EndGlobalSection
	GlobalSection(ExtensibilityGlobals) = postSolution
		SolutionGuid = {61EEAB59-66C2-422D-A0FA-EFB3D5BA3BB2}
	EndGlobalSection
EndGlobal
